
Microsoft Visual Studio Solution File, Format Version 12.00
# Visual Studio 15
VisualStudioVersion = 15.0.27004.2010
MinimumVisualStudioVersion = 10.0.40219.1
Project("{FAE04EC0-301F-11D3-BF4B-00C04F79EFBC}") = "GunzCord", "GunzCord\GunzCord.csproj", "{C47832AA-3EAE-40DF-B54F-B690F177D2B8}"
EndProject
Global
	GlobalSection(SolutionConfigurationPlatforms) = preSolution
		Debug|Any CPU = Debug|Any CPU
		Release|Any CPU = Release|Any CPU
	EndGlobalSection
	GlobalSection(ProjectConfigurationPlatforms) = postSolution
		{C47832AA-3EAE-40DF-B54F-B690F177D2B8}.Debug|Any CPU.ActiveCfg = Debug|Any CPU
		{C47832AA-3EAE-40DF-B54F-B690F177D2B8}.Debug|Any CPU.Build.0 = Debug|Any CPU
		{C47832AA-3EAE-40DF-B54F-B690F177D2B8}.Release|Any CPU.ActiveCfg = Release|Any CPU
		{C47832AA-3EAE-40DF-B54F-B690F177D2B8}.Release|Any CPU.Build.0 = Release|Any CPU
	EndGlobalSection
	GlobalSection(SolutionProperties) = preSolution
		HideSolutionNode = FALSE
	EndGlobalSection
	GlobalSection(ExtensibilityGlobals) = postSolution
		SolutionGuid = {55F8DD3E-98AF-40DF-8CED-A39657A38822}
	EndGlobalSection
EndGlobal
